
Microsoft Visual Studio Solution File, Format Version 12.00
# Visual Studio Version 17
VisualStudioVersion = 17.6.33829.357
MinimumVisualStudioVersion = 10.0.40219.1
Project("{FAE04EC0-301F-11D3-BF4B-00C04F79EFBC}") = "E-TicaretSitesi", "E-TicaretSitesi\E-TicaretSitesi.csproj", "{88753DF0-2E3A-4A10-819E-CFFAD0E4B18C}"
EndProject
Global
	GlobalSection(SolutionConfigurationPlatforms) = preSolution
		Debug|Any CPU = Debug|Any CPU
		Release|Any CPU = Release|Any CPU
	EndGlobalSection
	GlobalSection(ProjectConfigurationPlatforms) = postSolution
		{88753DF0-2E3A-4A10-819E-CFFAD0E4B18C}.Debug|Any CPU.ActiveCfg = Debug|Any CPU
		{88753DF0-2E3A-4A10-819E-CFFAD0E4B18C}.Debug|Any CPU.Build.0 = Debug|Any CPU
		{88753DF0-2E3A-4A10-819E-CFFAD0E4B18C}.Release|Any CPU.ActiveCfg = Release|Any CPU
		{88753DF0-2E3A-4A10-819E-CFFAD0E4B18C}.Release|Any CPU.Build.0 = Release|Any CPU
	EndGlobalSection
	GlobalSection(SolutionProperties) = preSolution
		HideSolutionNode = FALSE
	EndGlobalSection
	GlobalSection(ExtensibilityGlobals) = postSolution
		SolutionGuid = {946E1061-42A8-49EA-B531-0618A389CDA3}
	EndGlobalSection
EndGlobal
